
Microsoft Visual Studio Solution File, Format Version 12.00
# Visual Studio Version 17
VisualStudioVersion = 17.3.32811.315
MinimumVisualStudioVersion = 10.0.40219.1
Project("{2150E333-8FDC-42A3-9474-1A3956D46DE8}") = "Solution Items", "Solution Items", "{3DA99C4E-89E3-4049-9C22-0A7EC60D83D8}"
	ProjectSection(SolutionItems) = preProject
		Directory.Build.props = Directory.Build.props
		global.json = global.json
	EndProjectSection
EndProject
Project("{2150E333-8FDC-42A3-9474-1A3956D46DE8}") = "Avalonia", "Avalonia", "{54A3F8B9-E400-4ACC-A3AD-779933BCD7A5}"
EndProject
Project("{9A19103F-16F7-4668-BE54-9A1E7A4F7556}") = "Retrobox", "Avalonia\Retrobox\Retrobox.csproj", "{3ADA0D01-AACC-425F-A180-6F6FE4B0C29C}"
EndProject
Project("{9A19103F-16F7-4668-BE54-9A1E7A4F7556}") = "Retrobox.Desktop", "Avalonia\Retrobox.Desktop\Retrobox.Desktop.csproj", "{2F98EB33-7314-4528-8845-BC7A534CBB48}"
EndProject
Project("{2150E333-8FDC-42A3-9474-1A3956D46DE8}") = "Framework", "Framework", "{6DD46757-1BA4-4839-BAAE-30E1308AC6BD}"
EndProject
Project("{9A19103F-16F7-4668-BE54-9A1E7A4F7556}") = "Data", "Framework\Data\Data.csproj", "{B1C08CAE-1A2C-40F7-AAE3-2CAC6E4476DC}"
EndProject
Project("{9A19103F-16F7-4668-BE54-9A1E7A4F7556}") = "Foundation", "Framework\Foundation\Foundation.csproj", "{76F69A5C-84BA-449D-A7BC-683E12229911}"
EndProject
Project("{9A19103F-16F7-4668-BE54-9A1E7A4F7556}") = "Domain", "Framework\Domain\Domain.csproj", "{7D070CF2-D173-496B-A553-8960476939C0}"
EndProject
Global
	GlobalSection(SolutionConfigurationPlatforms) = preSolution
		Debug|Any CPU = Debug|Any CPU
		Release|Any CPU = Release|Any CPU
	EndGlobalSection
	GlobalSection(ProjectConfigurationPlatforms) = postSolution
		{3ADA0D01-AACC-425F-A180-6F6FE4B0C29C}.Debug|Any CPU.ActiveCfg = Debug|Any CPU
		{3ADA0D01-AACC-425F-A180-6F6FE4B0C29C}.Debug|Any CPU.Build.0 = Debug|Any CPU
		{3ADA0D01-AACC-425F-A180-6F6FE4B0C29C}.Release|Any CPU.ActiveCfg = Release|Any CPU
		{3ADA0D01-AACC-425F-A180-6F6FE4B0C29C}.Release|Any CPU.Build.0 = Release|Any CPU
		{2F98EB33-7314-4528-8845-BC7A534CBB48}.Debug|Any CPU.ActiveCfg = Debug|Any CPU
		{2F98EB33-7314-4528-8845-BC7A534CBB48}.Debug|Any CPU.Build.0 = Debug|Any CPU
		{2F98EB33-7314-4528-8845-BC7A534CBB48}.Release|Any CPU.ActiveCfg = Release|Any CPU
		{2F98EB33-7314-4528-8845-BC7A534CBB48}.Release|Any CPU.Build.0 = Release|Any CPU
		{B1C08CAE-1A2C-40F7-AAE3-2CAC6E4476DC}.Debug|Any CPU.ActiveCfg = Debug|Any CPU
		{B1C08CAE-1A2C-40F7-AAE3-2CAC6E4476DC}.Debug|Any CPU.Build.0 = Debug|Any CPU
		{B1C08CAE-1A2C-40F7-AAE3-2CAC6E4476DC}.Release|Any CPU.ActiveCfg = Release|Any CPU
		{B1C08CAE-1A2C-40F7-AAE3-2CAC6E4476DC}.Release|Any CPU.Build.0 = Release|Any CPU
		{76F69A5C-84BA-449D-A7BC-683E12229911}.Debug|Any CPU.ActiveCfg = Debug|Any CPU
		{76F69A5C-84BA-449D-A7BC-683E12229911}.Debug|Any CPU.Build.0 = Debug|Any CPU
		{76F69A5C-84BA-449D-A7BC-683E12229911}.Release|Any CPU.ActiveCfg = Release|Any CPU
		{76F69A5C-84BA-449D-A7BC-683E12229911}.Release|Any CPU.Build.0 = Release|Any CPU
		{7D070CF2-D173-496B-A553-8960476939C0}.Debug|Any CPU.ActiveCfg = Debug|Any CPU
		{7D070CF2-D173-496B-A553-8960476939C0}.Debug|Any CPU.Build.0 = Debug|Any CPU
		{7D070CF2-D173-496B-A553-8960476939C0}.Release|Any CPU.ActiveCfg = Release|Any CPU
		{7D070CF2-D173-496B-A553-8960476939C0}.Release|Any CPU.Build.0 = Release|Any CPU
	EndGlobalSection
	GlobalSection(SolutionProperties) = preSolution
		HideSolutionNode = FALSE
	EndGlobalSection
	GlobalSection(NestedProjects) = preSolution
		{3ADA0D01-AACC-425F-A180-6F6FE4B0C29C} = {54A3F8B9-E400-4ACC-A3AD-779933BCD7A5}
		{2F98EB33-7314-4528-8845-BC7A534CBB48} = {54A3F8B9-E400-4ACC-A3AD-779933BCD7A5}
		{B1C08CAE-1A2C-40F7-AAE3-2CAC6E4476DC} = {6DD46757-1BA4-4839-BAAE-30E1308AC6BD}
		{76F69A5C-84BA-449D-A7BC-683E12229911} = {6DD46757-1BA4-4839-BAAE-30E1308AC6BD}
		{7D070CF2-D173-496B-A553-8960476939C0} = {6DD46757-1BA4-4839-BAAE-30E1308AC6BD}
	EndGlobalSection
	GlobalSection(ExtensibilityGlobals) = postSolution
		SolutionGuid = {83CB65B8-011F-4ED7-BCD3-A6CFA935EF7E}
	EndGlobalSection
EndGlobal
